
Microsoft Visual Studio Solution File, Format Version 12.00
# Visual Studio Version 17
VisualStudioVersion = 17.0.31912.275
MinimumVisualStudioVersion = 10.0.40219.1
Project("{9A19103F-16F7-4668-BE54-9A1E7A4F7556}") = "SYSMCLTD_API", "SYSMCLTD_API.csproj", "{DD86691D-2A50-48A1-A901-7864EC3A62E6}"
EndProject
Global
	GlobalSection(SolutionConfigurationPlatforms) = preSolution
		Debug|Any CPU = Debug|Any CPU
		Release|Any CPU = Release|Any CPU
	EndGlobalSection
	GlobalSection(ProjectConfigurationPlatforms) = postSolution
		{DD86691D-2A50-48A1-A901-7864EC3A62E6}.Debug|Any CPU.ActiveCfg = Debug|Any CPU
		{DD86691D-2A50-48A1-A901-7864EC3A62E6}.Debug|Any CPU.Build.0 = Debug|Any CPU
		{DD86691D-2A50-48A1-A901-7864EC3A62E6}.Release|Any CPU.ActiveCfg = Release|Any CPU
		{DD86691D-2A50-48A1-A901-7864EC3A62E6}.Release|Any CPU.Build.0 = Release|Any CPU
	EndGlobalSection
	GlobalSection(SolutionProperties) = preSolution
		HideSolutionNode = FALSE
	EndGlobalSection
	GlobalSection(ExtensibilityGlobals) = postSolution
		SolutionGuid = {9828AE6D-D6B3-481B-9C92-CCE2B45F6838}
	EndGlobalSection
EndGlobal
